{
  "R": {
    "Version": "4.4.0",
    "Repositories": [
      {"Name": "CRAN", "URL": "https://cloud.r-project.org"}
    ]
  },
  "Packages": {
    "broom": {"Package": "broom", "Version": "1.0.7", "Source": "Repository", "Repository": "CRAN"},
    "dplyr": {"Package": "dplyr", "Version": "1.1.4", "Source": "Repository", "Repository": "CRAN"},
    "ggplot2": {"Package": "ggplot2", "Version": "3.5.1", "Source": "Repository", "Repository": "CRAN"},
    "lubridate": {"Package": "lubridate", "Version": "1.9.4", "Source": "Repository", "Repository": "CRAN"},
    "patchwork": {"Package": "patchwork", "Version": "1.3.0", "Source": "Repository", "Repository": "CRAN"},
    "readr": {"Package": "readr", "Version": "2.1.5", "Source": "Repository", "Repository": "CRAN"},
    "scales": {"Package": "scales", "Version": "1.3.0", "Source": "Repository", "Repository": "CRAN"},
    "tidyr": {"Package": "tidyr", "Version": "1.3.1", "Source": "Repository", "Repository": "CRAN"},
    "tidyverse": {"Package": "tidyverse", "Version": "2.0.0", "Source": "Repository", "Repository": "CRAN"}
  }
}
